{
  "originHash" : "38e62a6925537c2480290dffe9ec311668fe92fa334d6a42fd3a698182f10a9f",
  "pins" : [
    {
      "identity" : "folio",
      "kind" : "remoteSourceControl",
      "location" : "https://github.com/lolbigtime/Folio",
      "state" : {
        "branch" : "main",
        "revision" : "8c2bfd76807d0fbaf0e406077bee64af99d3ea37"
      }
    },
    {
      "identity" : "grdb.swift",
      "kind" : "remoteSourceControl",
      "location" : "https://github.com/groue/GRDB.swift.git",
      "state" : {
        "revision" : "2cf6c756e1e5ef6901ebae16576a7e4e4b834622",
        "version" : "6.29.3"
      }
    }
  ],
  "version" : 3
}
